// !$*UTF8*$!
{
	archiveVersion = 1;
	classes = {
	};
	objectVersion = 50;
	objects = {

/* Begin PBXBuildFile section */
		CD4BA64D232C7C4E007AC4AC /* AppDelegate.swift in Sources */ = {isa = PBXBuildFile; fileRef = CD4BA64C232C7C4E007AC4AC /* AppDelegate.swift */; };
		CD4BA64F232C7C4E007AC4AC /* GameScene.sks in Resources */ = {isa = PBXBuildFile; fileRef = CD4BA64E232C7C4E007AC4AC /* GameScene.sks */; };
		CD4BA651232C7C4E007AC4AC /* Actions.sks in Resources */ = {isa = PBXBuildFile; fileRef = CD4BA650232C7C4E007AC4AC /* Actions.sks */; };
		CD4BA653232C7C4E007AC4AC /* GameScene.swift in Sources */ = {isa = PBXBuildFile; fileRef = CD4BA652232C7C4E007AC4AC /* GameScene.swift */; };
		CD4BA655232C7C4E007AC4AC /* GameViewController.swift in Sources */ = {isa = PBXBuildFile; fileRef = CD4BA654232C7C4E007AC4AC /* GameViewController.swift */; };
		CD4BA658232C7C4E007AC4AC /* Main.storyboard in Resources */ = {isa = PBXBuildFile; fileRef = CD4BA656232C7C4E007AC4AC /* Main.storyboard */; };
		CD4BA65A232C7C4F007AC4AC /* Assets.xcassets in Resources */ = {isa = PBXBuildFile; fileRef = CD4BA659232C7C4F007AC4AC /* Assets.xcassets */; };
		CD4BA65D232C7C4F007AC4AC /* LaunchScreen.storyboard in Resources */ = {isa = PBXBuildFile; fileRef = CD4BA65B232C7C4F007AC4AC /* LaunchScreen.storyboard */; };
/* End PBXBuildFile section */

/* Begin PBXFileReference section */
		CD4BA649232C7C4E007AC4AC /* Solo Mission.app */ = {isa = PBXFileReference; explicitFileType = wrapper.application; includeInIndex = 0; path = "Solo Mission.app"; sourceTree = BUILT_PRODUCTS_DIR; };
		CD4BA64C232C7C4E007AC4AC /* AppDelegate.swift */ = {isa = PBXFileReference; lastKnownFileType = sourcecode.swift; path = AppDelegate.swift; sourceTree = "<group>"; };
		CD4BA64E232C7C4E007AC4AC /* GameScene.sks */ = {isa = PBXFileReference; lastKnownFileType = file.sks; path = GameScene.sks; sourceTree = "<group>"; };
		CD4BA650232C7C4E007AC4AC /* Actions.sks */ = {isa = PBXFileReference; lastKnownFileType = file.sks; path = Actions.sks; sourceTree = "<group>"; };
		CD4BA652232C7C4E007AC4AC /* GameScene.swift */ = {isa = PBXFileReference; lastKnownFileType = sourcecode.swift; path = GameScene.swift; sourceTree = "<group>"; };
		CD4BA654232C7C4E007AC4AC /* GameViewController.swift */ = {isa = PBXFileReference; lastKnownFileType = sourcecode.swift; path = GameViewController.swift; sourceTree = "<group>"; };
		CD4BA657232C7C4E007AC4AC /* Base */ = {isa = PBXFileReference; lastKnownFileType = file.storyboard; name = Base; path = Base.lproj/Main.storyboard; sourceTree = "<group>"; };
		CD4BA659232C7C4F007AC4AC /* Assets.xcassets */ = {isa = PBXFileReference; lastKnownFileType = folder.assetcatalog; path = Assets.xcassets; sourceTree = "<group>"; };
		CD4BA65C232C7C4F007AC4AC /* Base */ = {isa = PBXFileReference; lastKnownFileType = file.storyboard; name = Base; path = Base.lproj/LaunchScreen.storyboard; sourceTree = "<group>"; };
		CD4BA65E232C7C4F007AC4AC /* Info.plist */ = {isa = PBXFileReference; lastKnownFileType = text.plist.xml; path = Info.plist; sourceTree = "<group>"; };
/* End PBXFileReference section */

/* Begin PBXFrameworksBuildPhase section */
		CD4BA646232C7C4E007AC4AC /* Frameworks */ = {
			isa = PBXFrameworksBuildPhase;
			buildActionMask = 2147483647;
			files = (
			);
			runOnlyForDeploymentPostprocessing = 0;
		};
/* End PBXFrameworksBuildPhase section */

/* Begin PBXGroup section */
		CD4BA640232C7C4E007AC4AC = {
			isa = PBXGroup;
			children = (
				CD4BA64B232C7C4E007AC4AC /* Solo Mission */,
				CD4BA64A232C7C4E007AC4AC /* Products */,
			);
			sourceTree = "<group>";
		};
		CD4BA64A232C7C4E007AC4AC /* Products */ = {
			isa = PBXGroup;
			children = (
				CD4BA649232C7C4E007AC4AC /* Solo Mission.app */,
			);
			name = Products;
			sourceTree = "<group>";
		};
		CD4BA64B232C7C4E007AC4AC /* Solo Mission */ = {
			isa = PBXGroup;
			children = (
				CD4BA64C232C7C4E007AC4AC /* AppDelegate.swift */,
				CD4BA64E232C7C4E007AC4AC /* GameScene.sks */,
				CD4BA650232C7C4E007AC4AC /* Actions.sks */,
				CD4BA652232C7C4E007AC4AC /* GameScene.swift */,
				CD4BA654232C7C4E007AC4AC /* GameViewController.swift */,
				CD4BA656232C7C4E007AC4AC /* Main.storyboard */,
				CD4BA659232C7C4F007AC4AC /* Assets.xcassets */,
				CD4BA65B232C7C4F007AC4AC /* LaunchScreen.storyboard */,
				CD4BA65E232C7C4F007AC4AC /* Info.plist */,
			);
			path = "Solo Mission";
			sourceTree = "<group>";
		};
/* End PBXGroup section */

/* Begin PBXNativeTarget section */
		CD4BA648232C7C4E007AC4AC /* Solo Mission */ = {
			isa = PBXNativeTarget;
			buildConfigurationList = CD4BA661232C7C4F007AC4AC /* Build configuration list for PBXNativeTarget "Solo Mission" */;
			buildPhases = (
				CD4BA645232C7C4E007AC4AC /* Sources */,
				CD4BA646232C7C4E007AC4AC /* Frameworks */,
				CD4BA647232C7C4E007AC4AC /* Resources */,
			);
			buildRules = (
			);
			dependencies = (
			);
			name = "Solo Mission";
			productName = "Solo Mission";
			productReference = CD4BA649232C7C4E007AC4AC /* Solo Mission.app */;
			productType = "com.apple.product-type.application";
		};
/* End PBXNativeTarget section */

/* Begin PBXProject section */
		CD4BA641232C7C4E007AC4AC /* Project object */ = {
			isa = PBXProject;
			attributes = {
				LastSwiftUpdateCheck = 1030;
				LastUpgradeCheck = 1030;
				ORGANIZATIONNAME = "TAEWON KONG";
				TargetAttributes = {
					CD4BA648232C7C4E007AC4AC = {
						CreatedOnToolsVersion = 10.3;
					};
				};
			};
			buildConfigurationList = CD4BA644232C7C4E007AC4AC /* Build configuration list for PBXProject "Solo Mission" */;
			compatibilityVersion = "Xcode 9.3";
			developmentRegion = en;
			hasScannedForEncodings = 0;
			knownRegions = (
				en,
				Base,
			);
			mainGroup = CD4BA640232C7C4E007AC4AC;
			productRefGroup = CD4BA64A232C7C4E007AC4AC /* Products */;
			projectDirPath = "";
			projectRoot = "";
			targets = (
				CD4BA648232C7C4E007AC4AC /* Solo Mission */,
			);
		};
/* End PBXProject section */

/* Begin PBXResourcesBuildPhase section */
		CD4BA647232C7C4E007AC4AC /* Resources */ = {
			isa = PBXResourcesBuildPhase;
			buildActionMask = 2147483647;
			files = (
				CD4BA658232C7C4E007AC4AC /* Main.storyboard in Resources */,
				CD4BA64F232C7C4E007AC4AC /* GameScene.sks in Resources */,
				CD4BA65A232C7C4F007AC4AC /* Assets.xcassets in Resources */,
				CD4BA65D232C7C4F007AC4AC /* LaunchScreen.storyboard in Resources */,
				CD4BA651232C7C4E007AC4AC /* Actions.sks in Resources */,
			);
			runOnlyForDeploymentPostprocessing = 0;
		};
/* End PBXResourcesBuildPhase section */

/* Begin PBXSourcesBuildPhase section */
		CD4BA645232C7C4E007AC4AC /* Sources */ = {
			isa = PBXSourcesBuildPhase;
			buildActionMask = 2147483647;
			files = (
				CD4BA653232C7C4E007AC4AC /* GameScene.swift in Sources */,
				CD4BA655232C7C4E007AC4AC /* GameViewController.swift in Sources */,
				CD4BA64D232C7C4E007AC4AC /* AppDelegate.swift in Sources */,
			);
			runOnlyForDeploymentPostprocessing = 0;
		};
/* End PBXSourcesBuildPhase section */

/* Begin PBXVariantGroup section */
		CD4BA656232C7C4E007AC4AC /* Main.storyboard */ = {
			isa = PBXVariantGroup;
			children = (
				CD4BA657232C7C4E007AC4AC /* Base */,
			);
			name = Main.storyboard;
			sourceTree = "<group>";
		};
		CD4BA65B232C7C4F007AC4AC /* LaunchScreen.storyboard */ = {
			isa = PBXVariantGroup;
			children = (
				CD4BA65C232C7C4F007AC4AC /* Base */,
			);
			name = LaunchScreen.storyboard;
			sourceTree = "<group>";
		};
/* End PBXVariantGroup section */

/* Begin XCBuildConfiguration section */
		CD4BA65F232C7C4F007AC4AC /* Debug */ = {
			isa = XCBuildConfiguration;
			buildSettings = {
				ALWAYS_SEARCH_USER_PATHS = NO;
				CLANG_ANALYZER_NONNULL = YES;
				CLANG_ANALYZER_NUMBER_OBJECT_CONVERSION = YES_AGGRESSIVE;
				CLANG_CXX_LANGUAGE_STANDARD = "gnu++14";
				CLANG_CXX_LIBRARY = "libc++";
				CLANG_ENABLE_MODULES = YES;
				CLANG_ENABLE_OBJC_ARC = YES;
				CLANG_ENABLE_OBJC_WEAK = YES;
				CLANG_WARN_BLOCK_CAPTURE_AUTORELEASING = YES;
				CLANG_WARN_BOOL_CONVERSION = YES;
				CLANG_WARN_COMMA = YES;
				CLANG_WARN_CONSTANT_CONVERSION = YES;
				CLANG_WARN_DEPRECATED_OBJC_IMPLEMENTATIONS = YES;
				CLANG_WARN_DIRECT_OBJC_ISA_USAGE = YES_ERROR;
				CLANG_WARN_DOCUMENTATION_COMMENTS = YES;
				CLANG_WARN_EMPTY_BODY = YES;
				CLANG_WARN_ENUM_CONVERSION = YES;
				CLANG_WARN_INFINITE_RECURSION = YES;
				CLANG_WARN_INT_CONVERSION = YES;
				CLANG_WARN_NON_LITERAL_NULL_CONVERSION = YES;
				CLANG_WARN_OBJC_IMPLICIT_RETAIN_SELF = YES;
				CLANG_WARN_OBJC_LITERAL_CONVERSION = YES;
				CLANG_WARN_OBJC_ROOT_CLASS = YES_ERROR;
				CLANG_WARN_RANGE_LOOP_ANALYSIS = YES;
				CLANG_WARN_STRICT_PROTOTYPES = YES;
				CLANG_WARN_SUSPICIOUS_MOVE = YES;
				CLANG_WARN_UNGUARDED_AVAILABILITY = YES_AGGRESSIVE;
				CLANG_WARN_UNREACHABLE_CODE = YES;
				CLANG_WARN__DUPLICATE_METHOD_MATCH = YES;
				CODE_SIGN_IDENTITY = "iPhone Developer";
				COPY_PHASE_STRIP = NO;
				DEBUG_INFORMATION_FORMAT = dwarf;
				ENABLE_STRICT_OBJC_MSGSEND = YES;
				ENABLE_TESTABILITY = YES;
				GCC_C_LANGUAGE_STANDARD = gnu11;
				GCC_DYNAMIC_NO_PIC = NO;
				GCC_NO_COMMON_BLOCKS = YES;
				GCC_OPTIMIZATION_LEVEL = 0;
				GCC_PREPROCESSOR_DEFINITIONS = (
					"DEBUG=1",
					"$(inherited)",
				);
				GCC_WARN_64_TO_32_BIT_CONVERSION = YES;
				GCC_WARN_ABOUT_RETURN_TYPE = YES_ERROR;
				GCC_WARN_UNDECLARED_SELECTOR = YES;
				GCC_WARN_UNINITIALIZED_AUTOS = YES_AGGRESSIVE;
				GCC_WARN_UNUSED_FUNCTION = YES;
				GCC_WARN_UNUSED_VARIABLE = YES;
				IPHONEOS_DEPLOYMENT_TARGET = 12.4;
				MTL_ENABLE_DEBUG_INFO = INCLUDE_SOURCE;
				MTL_FAST_MATH = YES;
				ONLY_ACTIVE_ARCH = YES;
				SDKROOT = iphoneos;
				SWIFT_ACTIVE_COMPILATION_CONDITIONS = DEBUG;
				SWIFT_OPTIMIZATION_LEVEL = "-Onone";
			};
			name = Debug;
		};
		CD4BA660232C7C4F007AC4AC /* Release */ = {
			isa = XCBuildConfiguration;
			buildSettings = {
				ALWAYS_SEARCH_USER_PATHS = NO;
				CLANG_ANALYZER_NONNULL = YES;
				CLANG_ANALYZER_NUMBER_OBJECT_CONVERSION = YES_AGGRESSIVE;
				CLANG_CXX_LANGUAGE_STANDARD = "gnu++14";
				CLANG_CXX_LIBRARY = "libc++";
				CLANG_ENABLE_MODULES = YES;
				CLANG_ENABLE_OBJC_ARC = YES;
				CLANG_ENABLE_OBJC_WEAK = YES;
				CLANG_WARN_BLOCK_CAPTURE_AUTORELEASING = YES;
				CLANG_WARN_BOOL_CONVERSION = YES;
				CLANG_WARN_COMMA = YES;
				CLANG_WARN_CONSTANT_CONVERSION = YES;
				CLANG_WARN_DEPRECATED_OBJC_IMPLEMENTATIONS = YES;
				CLANG_WARN_DIRECT_OBJC_ISA_USAGE = YES_ERROR;
				CLANG_WARN_DOCUMENTATION_COMMENTS = YES;
				CLANG_WARN_EMPTY_BODY = YES;
				CLANG_WARN_ENUM_CONVERSION = YES;
				CLANG_WARN_INFINITE_RECURSION = YES;
				CLANG_WARN_INT_CONVERSION = YES;
				CLANG_WARN_NON_LITERAL_NULL_CONVERSION = YES;
				CLANG_WARN_OBJC_IMPLICIT_RETAIN_SELF = YES;
				CLANG_WARN_OBJC_LITERAL_CONVERSION = YES;
				CLANG_WARN_OBJC_ROOT_CLASS = YES_ERROR;
				CLANG_WARN_RANGE_LOOP_ANALYSIS = YES;
				CLANG_WARN_STRICT_PROTOTYPES = YES;
				CLANG_WARN_SUSPICIOUS_MOVE = YES;
				CLANG_WARN_UNGUARDED_AVAILABILITY = YES_AGGRESSIVE;
				CLANG_WARN_UNREACHABLE_CODE = YES;
				CLANG_WARN__DUPLICATE_METHOD_MATCH = YES;
				CODE_SIGN_IDENTITY = "iPhone Developer";
				COPY_PHASE_STRIP = NO;
				DEBUG_INFORMATION_FORMAT = "dwarf-with-dsym";
				ENABLE_NS_ASSERTIONS = NO;
				ENABLE_STRICT_OBJC_MSGSEND = YES;
				GCC_C_LANGUAGE_STANDARD = gnu11;
				GCC_NO_COMMON_BLOCKS = YES;
				GCC_WARN_64_TO_32_BIT_CONVERSION = YES;
				GCC_WARN_ABOUT_RETURN_TYPE = YES_ERROR;
				GCC_WARN_UNDECLARED_SELECTOR = YES;
				GCC_WARN_UNINITIALIZED_AUTOS = YES_AGGRESSIVE;
				GCC_WARN_UNUSED_FUNCTION = YES;
				GCC_WARN_UNUSED_VARIABLE = YES;
				IPHONEOS_DEPLOYMENT_TARGET = 12.4;
				MTL_ENABLE_DEBUG_INFO = NO;
				MTL_FAST_MATH = YES;
				SDKROOT = iphoneos;
				SWIFT_COMPILATION_MODE = wholemodule;
				SWIFT_OPTIMIZATION_LEVEL = "-O";
				VALIDATE_PRODUCT = YES;
			};
			name = Release;
		};
		CD4BA662232C7C4F007AC4AC /* Debug */ = {
			isa = XCBuildConfiguration;
			buildSettings = {
				ASSETCATALOG_COMPILER_APPICON_NAME = AppIcon;
				CODE_SIGN_STYLE = Automatic;
				INFOPLIST_FILE = "Solo Mission/Info.plist";
				IPHONEOS_DEPLOYMENT_TARGET = 12.4;
				LD_RUNPATH_SEARCH_PATHS = (
					"$(inherited)",
					"@executable_path/Frameworks",
				);
				PRODUCT_BUNDLE_IDENTIFIER = "com.taewonkong.Solo-Mission";
				PRODUCT_NAME = "$(TARGET_NAME)";
				SWIFT_VERSION = 5.0;
				TARGETED_DEVICE_FAMILY = "1,2";
			};
			name = Debug;
		};
		CD4BA663232C7C4F007AC4AC /* Release */ = {
			isa = XCBuildConfiguration;
			buildSettings = {
				ASSETCATALOG_COMPILER_APPICON_NAME = AppIcon;
				CODE_SIGN_STYLE = Automatic;
				INFOPLIST_FILE = "Solo Mission/Info.plist";
				IPHONEOS_DEPLOYMENT_TARGET = 12.4;
				LD_RUNPATH_SEARCH_PATHS = (
					"$(inherited)",
					"@executable_path/Frameworks",
				);
				PRODUCT_BUNDLE_IDENTIFIER = "com.taewonkong.Solo-Mission";
				PRODUCT_NAME = "$(TARGET_NAME)";
				SWIFT_VERSION = 5.0;
				TARGETED_DEVICE_FAMILY = "1,2";
			};
			name = Release;
		};
/* End XCBuildConfiguration section */

/* Begin XCConfigurationList section */
		CD4BA644232C7C4E007AC4AC /* Build configuration list for PBXProject "Solo Mission" */ = {
			isa = XCConfigurationList;
			buildConfigurations = (
				CD4BA65F232C7C4F007AC4AC /* Debug */,
				CD4BA660232C7C4F007AC4AC /* Release */,
			);
			defaultConfigurationIsVisible = 0;
			defaultConfigurationName = Release;
		};
		CD4BA661232C7C4F007AC4AC /* Build configuration list for PBXNativeTarget "Solo Mission" */ = {
			isa = XCConfigurationList;
			buildConfigurations = (
				CD4BA662232C7C4F007AC4AC /* Debug */,
				CD4BA663232C7C4F007AC4AC /* Release */,
			);
			defaultConfigurationIsVisible = 0;
			defaultConfigurationName = Release;
		};
/* End XCConfigurationList section */
	};
	rootObject = CD4BA641232C7C4E007AC4AC /* Project object */;
}
